// !$*UTF8*$!
{
	archiveVersion = 1;
	classes = {
	};
	objectVersion = 50;
	objects = {

/* Begin PBXBuildFile section */
		485333EE21C35DD200CACD2A /* C07.swift in Sources */ = {isa = PBXBuildFile; fileRef = 485333ED21C35DD200CACD2A /* C07.swift */; };
		485333F021C3641700CACD2A /* C10.swift in Sources */ = {isa = PBXBuildFile; fileRef = 485333EF21C3641700CACD2A /* C10.swift */; };
		485333F221C369EB00CACD2A /* C11.swift in Sources */ = {isa = PBXBuildFile; fileRef = 485333F121C369EB00CACD2A /* C11.swift */; };
		485333F421C385D500CACD2A /* F01.swift in Sources */ = {isa = PBXBuildFile; fileRef = 485333F321C385D500CACD2A /* F01.swift */; };
		485333F621C3887200CACD2A /* U05.swift in Sources */ = {isa = PBXBuildFile; fileRef = 485333F521C3887200CACD2A /* U05.swift */; };
		485333F821C38BE300CACD2A /* U06.swift in Sources */ = {isa = PBXBuildFile; fileRef = 485333F721C38BE300CACD2A /* U06.swift */; };
		485333FA21C3935600CACD2A /* U08.swift in Sources */ = {isa = PBXBuildFile; fileRef = 485333F921C3935600CACD2A /* U08.swift */; };
		485333FC21C3966D00CACD2A /* U09.swift in Sources */ = {isa = PBXBuildFile; fileRef = 485333FB21C3966D00CACD2A /* U09.swift */; };
		485333FE21C3983800CACD2A /* U10.swift in Sources */ = {isa = PBXBuildFile; fileRef = 485333FD21C3983800CACD2A /* U10.swift */; };
		4853340021C39C8F00CACD2A /* U11.swift in Sources */ = {isa = PBXBuildFile; fileRef = 485333FF21C39C8F00CACD2A /* U11.swift */; };
		4853340221C39CB300CACD2A /* U12.swift in Sources */ = {isa = PBXBuildFile; fileRef = 4853340121C39CB300CACD2A /* U12.swift */; };
		6D3BC76A2126CD5F00FC7333 /* Models.swift in Sources */ = {isa = PBXBuildFile; fileRef = 6D3BC7692126CD5F00FC7333 /* Models.swift */; };
		6D3BC76C2126CDAD00FC7333 /* C01.swift in Sources */ = {isa = PBXBuildFile; fileRef = 6D3BC76B2126CDAD00FC7333 /* C01.swift */; };
		6D3BC76E2126CDDF00FC7333 /* Example.swift in Sources */ = {isa = PBXBuildFile; fileRef = 6D3BC76D2126CDDF00FC7333 /* Example.swift */; };
		6D3BC7702126CE6F00FC7333 /* Constant.swift in Sources */ = {isa = PBXBuildFile; fileRef = 6D3BC76F2126CE6F00FC7333 /* Constant.swift */; };
		6D3BC7732126CF9200FC7333 /* C02.swift in Sources */ = {isa = PBXBuildFile; fileRef = 6D3BC7722126CF9200FC7333 /* C02.swift */; };
		6D99A7F2212BB3A700192398 /* C03.swift in Sources */ = {isa = PBXBuildFile; fileRef = 6D99A7F1212BB3A700192398 /* C03.swift */; };
		6D99A7F4212BB4AC00192398 /* C04.swift in Sources */ = {isa = PBXBuildFile; fileRef = 6D99A7F3212BB4AC00192398 /* C04.swift */; };
		6DC3C252216C4E1400C9D09B /* C06.swift in Sources */ = {isa = PBXBuildFile; fileRef = 6DC3C251216C4E1400C9D09B /* C06.swift */; };
		6DC3C254216C578C00C9D09B /* C08.swift in Sources */ = {isa = PBXBuildFile; fileRef = 6DC3C253216C578C00C9D09B /* C08.swift */; };
		6DC3C256216C5E2B00C9D09B /* C09.swift in Sources */ = {isa = PBXBuildFile; fileRef = 6DC3C255216C5E2B00C9D09B /* C09.swift */; };
		6DC3C258216C675000C9D09B /* U01.swift in Sources */ = {isa = PBXBuildFile; fileRef = 6DC3C257216C675000C9D09B /* U01.swift */; };
		6DC3C262216C965100C9D09B /* U02.swift in Sources */ = {isa = PBXBuildFile; fileRef = 6DC3C261216C965100C9D09B /* U02.swift */; };
		6DC3C264216C997E00C9D09B /* U03.swift in Sources */ = {isa = PBXBuildFile; fileRef = 6DC3C263216C997E00C9D09B /* U03.swift */; };
		6DC3C266216CA51D00C9D09B /* U04.swift in Sources */ = {isa = PBXBuildFile; fileRef = 6DC3C265216CA51D00C9D09B /* U04.swift */; };
		6DC3C268216CA88700C9D09B /* U07.swift in Sources */ = {isa = PBXBuildFile; fileRef = 6DC3C267216CA88700C9D09B /* U07.swift */; };
		6DF0D196212144E1007AAD4A /* main.swift in Sources */ = {isa = PBXBuildFile; fileRef = 6DF0D195212144E1007AAD4A /* main.swift */; };
		6DFA73A221C264CB0062C83A /* C05.swift in Sources */ = {isa = PBXBuildFile; fileRef = 6DFA73A121C264CB0062C83A /* C05.swift */; };
/* End PBXBuildFile section */

/* Begin PBXCopyFilesBuildPhase section */
		6DF0D190212144E1007AAD4A /* CopyFiles */ = {
			isa = PBXCopyFilesBuildPhase;
			buildActionMask = 2147483647;
			dstPath = /usr/share/man/man1/;
			dstSubfolderSpec = 0;
			files = (
			);
			runOnlyForDeploymentPostprocessing = 1;
		};
/* End PBXCopyFilesBuildPhase section */

/* Begin PBXFileReference section */
		485333ED21C35DD200CACD2A /* C07.swift */ = {isa = PBXFileReference; lastKnownFileType = sourcecode.swift; path = C07.swift; sourceTree = "<group>"; };
		485333EF21C3641700CACD2A /* C10.swift */ = {isa = PBXFileReference; lastKnownFileType = sourcecode.swift; path = C10.swift; sourceTree = "<group>"; };
		485333F121C369EB00CACD2A /* C11.swift */ = {isa = PBXFileReference; lastKnownFileType = sourcecode.swift; path = C11.swift; sourceTree = "<group>"; };
		485333F321C385D500CACD2A /* F01.swift */ = {isa = PBXFileReference; lastKnownFileType = sourcecode.swift; path = F01.swift; sourceTree = "<group>"; };
		485333F521C3887200CACD2A /* U05.swift */ = {isa = PBXFileReference; lastKnownFileType = sourcecode.swift; path = U05.swift; sourceTree = "<group>"; };
		485333F721C38BE300CACD2A /* U06.swift */ = {isa = PBXFileReference; lastKnownFileType = sourcecode.swift; path = U06.swift; sourceTree = "<group>"; };
		485333F921C3935600CACD2A /* U08.swift */ = {isa = PBXFileReference; lastKnownFileType = sourcecode.swift; path = U08.swift; sourceTree = "<group>"; };
		485333FB21C3966D00CACD2A /* U09.swift */ = {isa = PBXFileReference; lastKnownFileType = sourcecode.swift; path = U09.swift; sourceTree = "<group>"; };
		485333FD21C3983800CACD2A /* U10.swift */ = {isa = PBXFileReference; lastKnownFileType = sourcecode.swift; path = U10.swift; sourceTree = "<group>"; };
		485333FF21C39C8F00CACD2A /* U11.swift */ = {isa = PBXFileReference; lastKnownFileType = sourcecode.swift; path = U11.swift; sourceTree = "<group>"; };
		4853340121C39CB300CACD2A /* U12.swift */ = {isa = PBXFileReference; lastKnownFileType = sourcecode.swift; path = U12.swift; sourceTree = "<group>"; };
		6D3BC7692126CD5F00FC7333 /* Models.swift */ = {isa = PBXFileReference; lastKnownFileType = sourcecode.swift; path = Models.swift; sourceTree = "<group>"; };
		6D3BC76B2126CDAD00FC7333 /* C01.swift */ = {isa = PBXFileReference; lastKnownFileType = sourcecode.swift; path = C01.swift; sourceTree = "<group>"; };
		6D3BC76D2126CDDF00FC7333 /* Example.swift */ = {isa = PBXFileReference; lastKnownFileType = sourcecode.swift; path = Example.swift; sourceTree = "<group>"; };
		6D3BC76F2126CE6F00FC7333 /* Constant.swift */ = {isa = PBXFileReference; lastKnownFileType = sourcecode.swift; path = Constant.swift; sourceTree = "<group>"; };
		6D3BC7722126CF9200FC7333 /* C02.swift */ = {isa = PBXFileReference; lastKnownFileType = sourcecode.swift; path = C02.swift; sourceTree = "<group>"; };
		6D99A7F1212BB3A700192398 /* C03.swift */ = {isa = PBXFileReference; lastKnownFileType = sourcecode.swift; path = C03.swift; sourceTree = "<group>"; };
		6D99A7F3212BB4AC00192398 /* C04.swift */ = {isa = PBXFileReference; lastKnownFileType = sourcecode.swift; path = C04.swift; sourceTree = "<group>"; };
		6DC3C251216C4E1400C9D09B /* C06.swift */ = {isa = PBXFileReference; lastKnownFileType = sourcecode.swift; path = C06.swift; sourceTree = "<group>"; };
		6DC3C253216C578C00C9D09B /* C08.swift */ = {isa = PBXFileReference; lastKnownFileType = sourcecode.swift; path = C08.swift; sourceTree = "<group>"; };
		6DC3C255216C5E2B00C9D09B /* C09.swift */ = {isa = PBXFileReference; lastKnownFileType = sourcecode.swift; path = C09.swift; sourceTree = "<group>"; };
		6DC3C257216C675000C9D09B /* U01.swift */ = {isa = PBXFileReference; lastKnownFileType = sourcecode.swift; path = U01.swift; sourceTree = "<group>"; };
		6DC3C261216C965100C9D09B /* U02.swift */ = {isa = PBXFileReference; lastKnownFileType = sourcecode.swift; path = U02.swift; sourceTree = "<group>"; };
		6DC3C263216C997E00C9D09B /* U03.swift */ = {isa = PBXFileReference; lastKnownFileType = sourcecode.swift; path = U03.swift; sourceTree = "<group>"; };
		6DC3C265216CA51D00C9D09B /* U04.swift */ = {isa = PBXFileReference; lastKnownFileType = sourcecode.swift; path = U04.swift; sourceTree = "<group>"; };
		6DC3C267216CA88700C9D09B /* U07.swift */ = {isa = PBXFileReference; lastKnownFileType = sourcecode.swift; path = U07.swift; sourceTree = "<group>"; };
		6DF0D192212144E1007AAD4A /* CreateForm */ = {isa = PBXFileReference; explicitFileType = "compiled.mach-o.executable"; includeInIndex = 0; path = CreateForm; sourceTree = BUILT_PRODUCTS_DIR; };
		6DF0D195212144E1007AAD4A /* main.swift */ = {isa = PBXFileReference; lastKnownFileType = sourcecode.swift; path = main.swift; sourceTree = "<group>"; };
		6DFA73A121C264CB0062C83A /* C05.swift */ = {isa = PBXFileReference; lastKnownFileType = sourcecode.swift; path = C05.swift; sourceTree = "<group>"; };
		6DFA73A521C35B790062C83A /* README.md */ = {isa = PBXFileReference; fileEncoding = 4; lastKnownFileType = net.daringfireball.markdown; path = README.md; sourceTree = SOURCE_ROOT; };
/* End PBXFileReference section */

/* Begin PBXFrameworksBuildPhase section */
		6DF0D18F212144E1007AAD4A /* Frameworks */ = {
			isa = PBXFrameworksBuildPhase;
			buildActionMask = 2147483647;
			files = (
			);
			runOnlyForDeploymentPostprocessing = 0;
		};
/* End PBXFrameworksBuildPhase section */

/* Begin PBXGroup section */
		6D3BC7712126CE7300FC7333 /* Forms */ = {
			isa = PBXGroup;
			children = (
				6D3BC76D2126CDDF00FC7333 /* Example.swift */,
				6D3BC76B2126CDAD00FC7333 /* C01.swift */,
				6D3BC7722126CF9200FC7333 /* C02.swift */,
				6D99A7F1212BB3A700192398 /* C03.swift */,
				6D99A7F3212BB4AC00192398 /* C04.swift */,
				6DFA73A121C264CB0062C83A /* C05.swift */,
				6DC3C251216C4E1400C9D09B /* C06.swift */,
				6DC3C253216C578C00C9D09B /* C08.swift */,
				6DC3C255216C5E2B00C9D09B /* C09.swift */,
				6DC3C257216C675000C9D09B /* U01.swift */,
				6DC3C261216C965100C9D09B /* U02.swift */,
				6DC3C263216C997E00C9D09B /* U03.swift */,
				6DC3C265216CA51D00C9D09B /* U04.swift */,
				6DC3C267216CA88700C9D09B /* U07.swift */,
				485333ED21C35DD200CACD2A /* C07.swift */,
				485333EF21C3641700CACD2A /* C10.swift */,
				485333F121C369EB00CACD2A /* C11.swift */,
				485333F321C385D500CACD2A /* F01.swift */,
				485333F521C3887200CACD2A /* U05.swift */,
				485333F721C38BE300CACD2A /* U06.swift */,
				485333F921C3935600CACD2A /* U08.swift */,
				485333FB21C3966D00CACD2A /* U09.swift */,
				485333FD21C3983800CACD2A /* U10.swift */,
				485333FF21C39C8F00CACD2A /* U11.swift */,
				4853340121C39CB300CACD2A /* U12.swift */,
			);
			path = Forms;
			sourceTree = "<group>";
		};
		6DF0D189212144E1007AAD4A = {
			isa = PBXGroup;
			children = (
				6DF0D194212144E1007AAD4A /* CreateForm */,
				6DF0D193212144E1007AAD4A /* Products */,
			);
			sourceTree = "<group>";
		};
		6DF0D193212144E1007AAD4A /* Products */ = {
			isa = PBXGroup;
			children = (
				6DF0D192212144E1007AAD4A /* CreateForm */,
			);
			name = Products;
			sourceTree = "<group>";
		};
		6DF0D194212144E1007AAD4A /* CreateForm */ = {
			isa = PBXGroup;
			children = (
				6DF0D195212144E1007AAD4A /* main.swift */,
				6D3BC7692126CD5F00FC7333 /* Models.swift */,
				6D3BC76F2126CE6F00FC7333 /* Constant.swift */,
				6DFA73A521C35B790062C83A /* README.md */,
				6D3BC7712126CE7300FC7333 /* Forms */,
			);
			path = CreateForm;
			sourceTree = "<group>";
		};
/* End PBXGroup section */

/* Begin PBXNativeTarget section */
		6DF0D191212144E1007AAD4A /* CreateForm */ = {
			isa = PBXNativeTarget;
			buildConfigurationList = 6DF0D199212144E1007AAD4A /* Build configuration list for PBXNativeTarget "CreateForm" */;
			buildPhases = (
				6DF0D18E212144E1007AAD4A /* Sources */,
				6DF0D18F212144E1007AAD4A /* Frameworks */,
				6DF0D190212144E1007AAD4A /* CopyFiles */,
			);
			buildRules = (
			);
			dependencies = (
			);
			name = CreateForm;
			productName = CreateForm;
			productReference = 6DF0D192212144E1007AAD4A /* CreateForm */;
			productType = "com.apple.product-type.tool";
		};
/* End PBXNativeTarget section */

/* Begin PBXProject section */
		6DF0D18A212144E1007AAD4A /* Project object */ = {
			isa = PBXProject;
			attributes = {
				LastSwiftUpdateCheck = 0940;
				LastUpgradeCheck = 0940;
				ORGANIZATIONNAME = "KiKan Ng";
				TargetAttributes = {
					6DF0D191212144E1007AAD4A = {
						CreatedOnToolsVersion = 9.4.1;
						LastSwiftMigration = 1010;
					};
				};
			};
			buildConfigurationList = 6DF0D18D212144E1007AAD4A /* Build configuration list for PBXProject "CreateForm" */;
			compatibilityVersion = "Xcode 9.3";
			developmentRegion = en;
			hasScannedForEncodings = 0;
			knownRegions = (
				en,
			);
			mainGroup = 6DF0D189212144E1007AAD4A;
			productRefGroup = 6DF0D193212144E1007AAD4A /* Products */;
			projectDirPath = "";
			projectRoot = "";
			targets = (
				6DF0D191212144E1007AAD4A /* CreateForm */,
			);
		};
/* End PBXProject section */

/* Begin PBXSourcesBuildPhase section */
		6DF0D18E212144E1007AAD4A /* Sources */ = {
			isa = PBXSourcesBuildPhase;
			buildActionMask = 2147483647;
			files = (
				6DC3C268216CA88700C9D09B /* U07.swift in Sources */,
				6D99A7F2212BB3A700192398 /* C03.swift in Sources */,
				6DC3C256216C5E2B00C9D09B /* C09.swift in Sources */,
				6D3BC76E2126CDDF00FC7333 /* Example.swift in Sources */,
				6DFA73A221C264CB0062C83A /* C05.swift in Sources */,
				485333F821C38BE300CACD2A /* U06.swift in Sources */,
				6D3BC76C2126CDAD00FC7333 /* C01.swift in Sources */,
				6DC3C254216C578C00C9D09B /* C08.swift in Sources */,
				6DC3C252216C4E1400C9D09B /* C06.swift in Sources */,
				4853340021C39C8F00CACD2A /* U11.swift in Sources */,
				485333FA21C3935600CACD2A /* U08.swift in Sources */,
				6DC3C266216CA51D00C9D09B /* U04.swift in Sources */,
				485333FC21C3966D00CACD2A /* U09.swift in Sources */,
				485333F421C385D500CACD2A /* F01.swift in Sources */,
				6DC3C262216C965100C9D09B /* U02.swift in Sources */,
				485333FE21C3983800CACD2A /* U10.swift in Sources */,
				4853340221C39CB300CACD2A /* U12.swift in Sources */,
				6DC3C258216C675000C9D09B /* U01.swift in Sources */,
				6D99A7F4212BB4AC00192398 /* C04.swift in Sources */,
				485333EE21C35DD200CACD2A /* C07.swift in Sources */,
				485333F221C369EB00CACD2A /* C11.swift in Sources */,
				6D3BC7702126CE6F00FC7333 /* Constant.swift in Sources */,
				485333F021C3641700CACD2A /* C10.swift in Sources */,
				6DC3C264216C997E00C9D09B /* U03.swift in Sources */,
				485333F621C3887200CACD2A /* U05.swift in Sources */,
				6D3BC7732126CF9200FC7333 /* C02.swift in Sources */,
				6DF0D196212144E1007AAD4A /* main.swift in Sources */,
				6D3BC76A2126CD5F00FC7333 /* Models.swift in Sources */,
			);
			runOnlyForDeploymentPostprocessing = 0;
		};
/* End PBXSourcesBuildPhase section */

/* Begin XCBuildConfiguration section */
		6DF0D197212144E1007AAD4A /* Debug */ = {
			isa = XCBuildConfiguration;
			buildSettings = {
				ALWAYS_SEARCH_USER_PATHS = NO;
				CLANG_ANALYZER_NONNULL = YES;
				CLANG_ANALYZER_NUMBER_OBJECT_CONVERSION = YES_AGGRESSIVE;
				CLANG_CXX_LANGUAGE_STANDARD = "gnu++14";
				CLANG_CXX_LIBRARY = "libc++";
				CLANG_ENABLE_MODULES = YES;
				CLANG_ENABLE_OBJC_ARC = YES;
				CLANG_ENABLE_OBJC_WEAK = YES;
				CLANG_WARN_BLOCK_CAPTURE_AUTORELEASING = YES;
				CLANG_WARN_BOOL_CONVERSION = YES;
				CLANG_WARN_COMMA = YES;
				CLANG_WARN_CONSTANT_CONVERSION = YES;
				CLANG_WARN_DEPRECATED_OBJC_IMPLEMENTATIONS = YES;
				CLANG_WARN_DIRECT_OBJC_ISA_USAGE = YES_ERROR;
				CLANG_WARN_DOCUMENTATION_COMMENTS = YES;
				CLANG_WARN_EMPTY_BODY = YES;
				CLANG_WARN_ENUM_CONVERSION = YES;
				CLANG_WARN_INFINITE_RECURSION = YES;
				CLANG_WARN_INT_CONVERSION = YES;
				CLANG_WARN_NON_LITERAL_NULL_CONVERSION = YES;
				CLANG_WARN_OBJC_IMPLICIT_RETAIN_SELF = YES;
				CLANG_WARN_OBJC_LITERAL_CONVERSION = YES;
				CLANG_WARN_OBJC_ROOT_CLASS = YES_ERROR;
				CLANG_WARN_RANGE_LOOP_ANALYSIS = YES;
				CLANG_WARN_STRICT_PROTOTYPES = YES;
				CLANG_WARN_SUSPICIOUS_MOVE = YES;
				CLANG_WARN_UNGUARDED_AVAILABILITY = YES_AGGRESSIVE;
				CLANG_WARN_UNREACHABLE_CODE = YES;
				CLANG_WARN__DUPLICATE_METHOD_MATCH = YES;
				CODE_SIGN_IDENTITY = "-";
				COPY_PHASE_STRIP = NO;
				DEBUG_INFORMATION_FORMAT = dwarf;
				ENABLE_STRICT_OBJC_MSGSEND = YES;
				ENABLE_TESTABILITY = YES;
				GCC_C_LANGUAGE_STANDARD = gnu11;
				GCC_DYNAMIC_NO_PIC = NO;
				GCC_NO_COMMON_BLOCKS = YES;
				GCC_OPTIMIZATION_LEVEL = 0;
				GCC_PREPROCESSOR_DEFINITIONS = (
					"DEBUG=1",
					"$(inherited)",
				);
				GCC_WARN_64_TO_32_BIT_CONVERSION = YES;
				GCC_WARN_ABOUT_RETURN_TYPE = YES_ERROR;
				GCC_WARN_UNDECLARED_SELECTOR = YES;
				GCC_WARN_UNINITIALIZED_AUTOS = YES_AGGRESSIVE;
				GCC_WARN_UNUSED_FUNCTION = YES;
				GCC_WARN_UNUSED_VARIABLE = YES;
				MACOSX_DEPLOYMENT_TARGET = 10.13;
				MTL_ENABLE_DEBUG_INFO = YES;
				ONLY_ACTIVE_ARCH = YES;
				SDKROOT = macosx;
				SWIFT_ACTIVE_COMPILATION_CONDITIONS = DEBUG;
				SWIFT_OPTIMIZATION_LEVEL = "-Onone";
			};
			name = Debug;
		};
		6DF0D198212144E1007AAD4A /* Release */ = {
			isa = XCBuildConfiguration;
			buildSettings = {
				ALWAYS_SEARCH_USER_PATHS = NO;
				CLANG_ANALYZER_NONNULL = YES;
				CLANG_ANALYZER_NUMBER_OBJECT_CONVERSION = YES_AGGRESSIVE;
				CLANG_CXX_LANGUAGE_STANDARD = "gnu++14";
				CLANG_CXX_LIBRARY = "libc++";
				CLANG_ENABLE_MODULES = YES;
				CLANG_ENABLE_OBJC_ARC = YES;
				CLANG_ENABLE_OBJC_WEAK = YES;
				CLANG_WARN_BLOCK_CAPTURE_AUTORELEASING = YES;
				CLANG_WARN_BOOL_CONVERSION = YES;
				CLANG_WARN_COMMA = YES;
				CLANG_WARN_CONSTANT_CONVERSION = YES;
				CLANG_WARN_DEPRECATED_OBJC_IMPLEMENTATIONS = YES;
				CLANG_WARN_DIRECT_OBJC_ISA_USAGE = YES_ERROR;
				CLANG_WARN_DOCUMENTATION_COMMENTS = YES;
				CLANG_WARN_EMPTY_BODY = YES;
				CLANG_WARN_ENUM_CONVERSION = YES;
				CLANG_WARN_INFINITE_RECURSION = YES;
				CLANG_WARN_INT_CONVERSION = YES;
				CLANG_WARN_NON_LITERAL_NULL_CONVERSION = YES;
				CLANG_WARN_OBJC_IMPLICIT_RETAIN_SELF = YES;
				CLANG_WARN_OBJC_LITERAL_CONVERSION = YES;
				CLANG_WARN_OBJC_ROOT_CLASS = YES_ERROR;
				CLANG_WARN_RANGE_LOOP_ANALYSIS = YES;
				CLANG_WARN_STRICT_PROTOTYPES = YES;
				CLANG_WARN_SUSPICIOUS_MOVE = YES;
				CLANG_WARN_UNGUARDED_AVAILABILITY = YES_AGGRESSIVE;
				CLANG_WARN_UNREACHABLE_CODE = YES;
				CLANG_WARN__DUPLICATE_METHOD_MATCH = YES;
				CODE_SIGN_IDENTITY = "-";
				COPY_PHASE_STRIP = NO;
				DEBUG_INFORMATION_FORMAT = "dwarf-with-dsym";
				ENABLE_NS_ASSERTIONS = NO;
				ENABLE_STRICT_OBJC_MSGSEND = YES;
				GCC_C_LANGUAGE_STANDARD = gnu11;
				GCC_NO_COMMON_BLOCKS = YES;
				GCC_WARN_64_TO_32_BIT_CONVERSION = YES;
				GCC_WARN_ABOUT_RETURN_TYPE = YES_ERROR;
				GCC_WARN_UNDECLARED_SELECTOR = YES;
				GCC_WARN_UNINITIALIZED_AUTOS = YES_AGGRESSIVE;
				GCC_WARN_UNUSED_FUNCTION = YES;
				GCC_WARN_UNUSED_VARIABLE = YES;
				MACOSX_DEPLOYMENT_TARGET = 10.13;
				MTL_ENABLE_DEBUG_INFO = NO;
				SDKROOT = macosx;
				SWIFT_COMPILATION_MODE = wholemodule;
				SWIFT_OPTIMIZATION_LEVEL = "-O";
			};
			name = Release;
		};
		6DF0D19A212144E1007AAD4A /* Debug */ = {
			isa = XCBuildConfiguration;
			buildSettings = {
				CODE_SIGN_STYLE = Automatic;
				PRODUCT_NAME = "$(TARGET_NAME)";
				SWIFT_VERSION = 4.2;
			};
			name = Debug;
		};
		6DF0D19B212144E1007AAD4A /* Release */ = {
			isa = XCBuildConfiguration;
			buildSettings = {
				CODE_SIGN_STYLE = Automatic;
				PRODUCT_NAME = "$(TARGET_NAME)";
				SWIFT_VERSION = 4.2;
			};
			name = Release;
		};
/* End XCBuildConfiguration section */

/* Begin XCConfigurationList section */
		6DF0D18D212144E1007AAD4A /* Build configuration list for PBXProject "CreateForm" */ = {
			isa = XCConfigurationList;
			buildConfigurations = (
				6DF0D197212144E1007AAD4A /* Debug */,
				6DF0D198212144E1007AAD4A /* Release */,
			);
			defaultConfigurationIsVisible = 0;
			defaultConfigurationName = Release;
		};
		6DF0D199212144E1007AAD4A /* Build configuration list for PBXNativeTarget "CreateForm" */ = {
			isa = XCConfigurationList;
			buildConfigurations = (
				6DF0D19A212144E1007AAD4A /* Debug */,
				6DF0D19B212144E1007AAD4A /* Release */,
			);
			defaultConfigurationIsVisible = 0;
			defaultConfigurationName = Release;
		};
/* End XCConfigurationList section */
	};
	rootObject = 6DF0D18A212144E1007AAD4A /* Project object */;
}
